
Microsoft Visual Studio Solution File, Format Version 12.00
# Visual Studio Version 17
VisualStudioVersion = 17.4.33122.133
MinimumVisualStudioVersion = 10.0.40219.1
Project("{FAE04EC0-301F-11D3-BF4B-00C04F79EFBC}") = "8-2-2023", "8-2-2023\8-2-2023.csproj", "{5D42CB3C-A5B9-44CB-B999-7D269E5094FB}"
EndProject
Global
	GlobalSection(SolutionConfigurationPlatforms) = preSolution
		Debug|Any CPU = Debug|Any CPU
		Release|Any CPU = Release|Any CPU
	EndGlobalSection
	GlobalSection(ProjectConfigurationPlatforms) = postSolution
		{5D42CB3C-A5B9-44CB-B999-7D269E5094FB}.Debug|Any CPU.ActiveCfg = Debug|Any CPU
		{5D42CB3C-A5B9-44CB-B999-7D269E5094FB}.Debug|Any CPU.Build.0 = Debug|Any CPU
		{5D42CB3C-A5B9-44CB-B999-7D269E5094FB}.Release|Any CPU.ActiveCfg = Release|Any CPU
		{5D42CB3C-A5B9-44CB-B999-7D269E5094FB}.Release|Any CPU.Build.0 = Release|Any CPU
	EndGlobalSection
	GlobalSection(SolutionProperties) = preSolution
		HideSolutionNode = FALSE
	EndGlobalSection
	GlobalSection(ExtensibilityGlobals) = postSolution
		SolutionGuid = {846AF9B8-00C2-404D-A498-93999FAA162D}
	EndGlobalSection
EndGlobal
