
Microsoft Visual Studio Solution File, Format Version 12.00
# Visual Studio Version 17
VisualStudioVersion = 17.4.33122.133
MinimumVisualStudioVersion = 10.0.40219.1
Project("{FAE04EC0-301F-11D3-BF4B-00C04F79EFBC}") = "2-2-2023Task", "2-2-2023Task\2-2-2023Task.csproj", "{F3B3025F-EED3-4D74-80F2-B45D0EDCFC8E}"
EndProject
Global
	GlobalSection(SolutionConfigurationPlatforms) = preSolution
		Debug|Any CPU = Debug|Any CPU
		Release|Any CPU = Release|Any CPU
	EndGlobalSection
	GlobalSection(ProjectConfigurationPlatforms) = postSolution
		{F3B3025F-EED3-4D74-80F2-B45D0EDCFC8E}.Debug|Any CPU.ActiveCfg = Debug|Any CPU
		{F3B3025F-EED3-4D74-80F2-B45D0EDCFC8E}.Debug|Any CPU.Build.0 = Debug|Any CPU
		{F3B3025F-EED3-4D74-80F2-B45D0EDCFC8E}.Release|Any CPU.ActiveCfg = Release|Any CPU
		{F3B3025F-EED3-4D74-80F2-B45D0EDCFC8E}.Release|Any CPU.Build.0 = Release|Any CPU
	EndGlobalSection
	GlobalSection(SolutionProperties) = preSolution
		HideSolutionNode = FALSE
	EndGlobalSection
	GlobalSection(ExtensibilityGlobals) = postSolution
		SolutionGuid = {3555F466-96CF-4089-98AB-E70EBB895631}
	EndGlobalSection
EndGlobal
