
Microsoft Visual Studio Solution File, Format Version 12.00
# Visual Studio Version 17
VisualStudioVersion = 17.4.33122.133
MinimumVisualStudioVersion = 10.0.40219.1
Project("{FAE04EC0-301F-11D3-BF4B-00C04F79EFBC}") = "31-1-2023Task", "31-1-2023Task\31-1-2023Task.csproj", "{783F6553-05E0-4895-9AF1-1FFFBDB48DC2}"
EndProject
Global
	GlobalSection(SolutionConfigurationPlatforms) = preSolution
		Debug|Any CPU = Debug|Any CPU
		Release|Any CPU = Release|Any CPU
	EndGlobalSection
	GlobalSection(ProjectConfigurationPlatforms) = postSolution
		{783F6553-05E0-4895-9AF1-1FFFBDB48DC2}.Debug|Any CPU.ActiveCfg = Debug|Any CPU
		{783F6553-05E0-4895-9AF1-1FFFBDB48DC2}.Debug|Any CPU.Build.0 = Debug|Any CPU
		{783F6553-05E0-4895-9AF1-1FFFBDB48DC2}.Release|Any CPU.ActiveCfg = Release|Any CPU
		{783F6553-05E0-4895-9AF1-1FFFBDB48DC2}.Release|Any CPU.Build.0 = Release|Any CPU
	EndGlobalSection
	GlobalSection(SolutionProperties) = preSolution
		HideSolutionNode = FALSE
	EndGlobalSection
	GlobalSection(ExtensibilityGlobals) = postSolution
		SolutionGuid = {A0F222A5-221C-4245-8E2D-6E1F2A7E7646}
	EndGlobalSection
EndGlobal
